
Microsoft Visual Studio Solution File, Format Version 12.00
# Visual Studio Version 17
VisualStudioVersion = 17.10.35201.131
MinimumVisualStudioVersion = 10.0.40219.1
Project("{FAE04EC0-301F-11D3-BF4B-00C04F79EFBC}") = "WatersAD", "WatersAD\WatersAD.csproj", "{901098C6-DB7B-4251-90B2-58C21D5799BC}"
EndProject
Global
	GlobalSection(SolutionConfigurationPlatforms) = preSolution
		Debug|Any CPU = Debug|Any CPU
		Release|Any CPU = Release|Any CPU
	EndGlobalSection
	GlobalSection(ProjectConfigurationPlatforms) = postSolution
		{901098C6-DB7B-4251-90B2-58C21D5799BC}.Debug|Any CPU.ActiveCfg = Debug|Any CPU
		{901098C6-DB7B-4251-90B2-58C21D5799BC}.Debug|Any CPU.Build.0 = Debug|Any CPU
		{901098C6-DB7B-4251-90B2-58C21D5799BC}.Release|Any CPU.ActiveCfg = Release|Any CPU
		{901098C6-DB7B-4251-90B2-58C21D5799BC}.Release|Any CPU.Build.0 = Release|Any CPU
	EndGlobalSection
	GlobalSection(SolutionProperties) = preSolution
		HideSolutionNode = FALSE
	EndGlobalSection
	GlobalSection(ExtensibilityGlobals) = postSolution
		SolutionGuid = {57C1E0E3-F773-422E-BFFC-33043FA4D5A9}
	EndGlobalSection
EndGlobal
